
Microsoft Visual Studio Solution File, Format Version 12.00
# Visual Studio Version 16
VisualStudioVersion = 16.0.30413.136
MinimumVisualStudioVersion = 10.0.40219.1
Project("{FAE04EC0-301F-11D3-BF4B-00C04F79EFBC}") = "AnalyzerCollection", "AnalyzerCollection\AnalyzerCollection\AnalyzerCollection.csproj", "{25A05174-29D9-4C4D-99BF-004414901E7F}"
EndProject
Project("{FAE04EC0-301F-11D3-BF4B-00C04F79EFBC}") = "AnalyzerCollection.CodeFixes", "AnalyzerCollection\AnalyzerCollection.CodeFixes\AnalyzerCollection.CodeFixes.csproj", "{3247A916-0E9D-4C11-BCDB-00BFB69307A2}"
EndProject
Project("{FAE04EC0-301F-11D3-BF4B-00C04F79EFBC}") = "AnalyzerCollection.Package", "AnalyzerCollection\AnalyzerCollection.Package\AnalyzerCollection.Package.csproj", "{93266EC4-A1C8-4852-A90C-AB7A3CC5E672}"
EndProject
Project("{FAE04EC0-301F-11D3-BF4B-00C04F79EFBC}") = "AnalyzerCollection.Test", "AnalyzerCollection\AnalyzerCollection.Test\AnalyzerCollection.Test.csproj", "{52ED56D7-E065-4E3E-A7A4-8FCEFCD6DD7C}"
EndProject
Project("{FAE04EC0-301F-11D3-BF4B-00C04F79EFBC}") = "AnalyzerCollection.Vsix", "AnalyzerCollection\AnalyzerCollection.Vsix\AnalyzerCollection.Vsix.csproj", "{BB0090CB-BC11-416D-9F1A-D8D4EA39BC7B}"
EndProject
Global
	GlobalSection(SolutionConfigurationPlatforms) = preSolution
		Debug|Any CPU = Debug|Any CPU
		Release|Any CPU = Release|Any CPU
	EndGlobalSection
	GlobalSection(ProjectConfigurationPlatforms) = postSolution
		{25A05174-29D9-4C4D-99BF-004414901E7F}.Debug|Any CPU.ActiveCfg = Debug|Any CPU
		{25A05174-29D9-4C4D-99BF-004414901E7F}.Debug|Any CPU.Build.0 = Debug|Any CPU
		{25A05174-29D9-4C4D-99BF-004414901E7F}.Release|Any CPU.ActiveCfg = Release|Any CPU
		{25A05174-29D9-4C4D-99BF-004414901E7F}.Release|Any CPU.Build.0 = Release|Any CPU
		{3247A916-0E9D-4C11-BCDB-00BFB69307A2}.Debug|Any CPU.ActiveCfg = Debug|Any CPU
		{3247A916-0E9D-4C11-BCDB-00BFB69307A2}.Debug|Any CPU.Build.0 = Debug|Any CPU
		{3247A916-0E9D-4C11-BCDB-00BFB69307A2}.Release|Any CPU.ActiveCfg = Release|Any CPU
		{3247A916-0E9D-4C11-BCDB-00BFB69307A2}.Release|Any CPU.Build.0 = Release|Any CPU
		{93266EC4-A1C8-4852-A90C-AB7A3CC5E672}.Debug|Any CPU.ActiveCfg = Debug|Any CPU
		{93266EC4-A1C8-4852-A90C-AB7A3CC5E672}.Debug|Any CPU.Build.0 = Debug|Any CPU
		{93266EC4-A1C8-4852-A90C-AB7A3CC5E672}.Release|Any CPU.ActiveCfg = Release|Any CPU
		{93266EC4-A1C8-4852-A90C-AB7A3CC5E672}.Release|Any CPU.Build.0 = Release|Any CPU
		{52ED56D7-E065-4E3E-A7A4-8FCEFCD6DD7C}.Debug|Any CPU.ActiveCfg = Debug|Any CPU
		{52ED56D7-E065-4E3E-A7A4-8FCEFCD6DD7C}.Debug|Any CPU.Build.0 = Debug|Any CPU
		{52ED56D7-E065-4E3E-A7A4-8FCEFCD6DD7C}.Release|Any CPU.ActiveCfg = Release|Any CPU
		{52ED56D7-E065-4E3E-A7A4-8FCEFCD6DD7C}.Release|Any CPU.Build.0 = Release|Any CPU
		{BB0090CB-BC11-416D-9F1A-D8D4EA39BC7B}.Debug|Any CPU.ActiveCfg = Debug|Any CPU
		{BB0090CB-BC11-416D-9F1A-D8D4EA39BC7B}.Debug|Any CPU.Build.0 = Debug|Any CPU
		{BB0090CB-BC11-416D-9F1A-D8D4EA39BC7B}.Release|Any CPU.ActiveCfg = Release|Any CPU
		{BB0090CB-BC11-416D-9F1A-D8D4EA39BC7B}.Release|Any CPU.Build.0 = Release|Any CPU
	EndGlobalSection
	GlobalSection(SolutionProperties) = preSolution
		HideSolutionNode = FALSE
	EndGlobalSection
	GlobalSection(ExtensibilityGlobals) = postSolution
		SolutionGuid = {72B29B28-C9DD-4580-9440-CB27AED2CB5E}
	EndGlobalSection
EndGlobal
